
Microsoft Visual Studio Solution File, Format Version 11.00
# Visual Studio 2010
Project("{8BC9CEB8-8B4A-11D0-8D11-00A0C91BC942}") = "Fundamental", "Fundamental.vcxproj", "{730DBB7E-BF37-492C-AB6B-62C10A411FD8}"
EndProject
Project("{8BC9CEB8-8B4A-11D0-8D11-00A0C91BC942}") = "Vector", "..\Vector\Vector.vcxproj", "{7E02C6BC-8E43-4689-85AB-D2A59A32F27A}"
EndProject
Project("{8BC9CEB8-8B4A-11D0-8D11-00A0C91BC942}") = "List", "..\List\List.vcxproj", "{0C12ABEF-CC48-4CA0-AA72-174226C8F491}"
EndProject
Project("{8BC9CEB8-8B4A-11D0-8D11-00A0C91BC942}") = "Stack", "..\Stack\Stack.vcxproj", "{DF9E77C8-27CF-4E0C-82F1-14E2F0CB27B7}"
EndProject
Project("{8BC9CEB8-8B4A-11D0-8D11-00A0C91BC942}") = "Queue", "..\Queue\Queue.vcxproj", "{AB298886-AD17-4043-980A-0B58C1E0A140}"
EndProject
Project("{8BC9CEB8-8B4A-11D0-8D11-00A0C91BC942}") = "BinTree", "..\BinTree\BinTree.vcxproj", "{3DF44D18-7029-43CC-85D7-6D24A0DA6420}"
EndProject
Global
	GlobalSection(SolutionConfigurationPlatforms) = preSolution
		Debug|Win32 = Debug|Win32
		Release|Win32 = Release|Win32
	EndGlobalSection
	GlobalSection(ProjectConfigurationPlatforms) = postSolution
		{730DBB7E-BF37-492C-AB6B-62C10A411FD8}.Debug|Win32.ActiveCfg = Debug|Win32
		{730DBB7E-BF37-492C-AB6B-62C10A411FD8}.Debug|Win32.Build.0 = Debug|Win32
		{730DBB7E-BF37-492C-AB6B-62C10A411FD8}.Release|Win32.ActiveCfg = Release|Win32
		{730DBB7E-BF37-492C-AB6B-62C10A411FD8}.Release|Win32.Build.0 = Release|Win32
		{7E02C6BC-8E43-4689-85AB-D2A59A32F27A}.Debug|Win32.ActiveCfg = Debug|Win32
		{7E02C6BC-8E43-4689-85AB-D2A59A32F27A}.Debug|Win32.Build.0 = Debug|Win32
		{7E02C6BC-8E43-4689-85AB-D2A59A32F27A}.Release|Win32.ActiveCfg = Release|Win32
		{7E02C6BC-8E43-4689-85AB-D2A59A32F27A}.Release|Win32.Build.0 = Release|Win32
		{0C12ABEF-CC48-4CA0-AA72-174226C8F491}.Debug|Win32.ActiveCfg = Debug|Win32
		{0C12ABEF-CC48-4CA0-AA72-174226C8F491}.Debug|Win32.Build.0 = Debug|Win32
		{0C12ABEF-CC48-4CA0-AA72-174226C8F491}.Release|Win32.ActiveCfg = Release|Win32
		{0C12ABEF-CC48-4CA0-AA72-174226C8F491}.Release|Win32.Build.0 = Release|Win32
		{DF9E77C8-27CF-4E0C-82F1-14E2F0CB27B7}.Debug|Win32.ActiveCfg = Debug|Win32
		{DF9E77C8-27CF-4E0C-82F1-14E2F0CB27B7}.Debug|Win32.Build.0 = Debug|Win32
		{DF9E77C8-27CF-4E0C-82F1-14E2F0CB27B7}.Release|Win32.ActiveCfg = Release|Win32
		{DF9E77C8-27CF-4E0C-82F1-14E2F0CB27B7}.Release|Win32.Build.0 = Release|Win32
		{AB298886-AD17-4043-980A-0B58C1E0A140}.Debug|Win32.ActiveCfg = Debug|Win32
		{AB298886-AD17-4043-980A-0B58C1E0A140}.Debug|Win32.Build.0 = Debug|Win32
		{AB298886-AD17-4043-980A-0B58C1E0A140}.Release|Win32.ActiveCfg = Release|Win32
		{AB298886-AD17-4043-980A-0B58C1E0A140}.Release|Win32.Build.0 = Release|Win32
		{3DF44D18-7029-43CC-85D7-6D24A0DA6420}.Debug|Win32.ActiveCfg = Debug|Win32
		{3DF44D18-7029-43CC-85D7-6D24A0DA6420}.Debug|Win32.Build.0 = Debug|Win32
		{3DF44D18-7029-43CC-85D7-6D24A0DA6420}.Release|Win32.ActiveCfg = Release|Win32
		{3DF44D18-7029-43CC-85D7-6D24A0DA6420}.Release|Win32.Build.0 = Release|Win32
	EndGlobalSection
	GlobalSection(SolutionProperties) = preSolution
		HideSolutionNode = FALSE
	EndGlobalSection
EndGlobal
